
Microsoft Visual Studio Solution File, Format Version 12.00
# Visual Studio 14
VisualStudioVersion = 14.0.23107.0
MinimumVisualStudioVersion = 10.0.40219.1
Project("{FAE04EC0-301F-11D3-BF4B-00C04F79EFBC}") = "StoryHubServicesSolution", "StoryHubServicesSolution\StoryHubServicesSolution.csproj", "{ED7D0539-1385-433A-BE90-250D72887541}"
EndProject
Project("{FAE04EC0-301F-11D3-BF4B-00C04F79EFBC}") = "StoryHubWCFApp", "..\StoryHub\StoryHubWCFApp\StoryHubWCFApp.csproj", "{13B8806C-6632-4612-AD52-7DBC929D92B1}"
EndProject
Global
	GlobalSection(SolutionConfigurationPlatforms) = preSolution
		Debug|Any CPU = Debug|Any CPU
		Release|Any CPU = Release|Any CPU
	EndGlobalSection
	GlobalSection(ProjectConfigurationPlatforms) = postSolution
		{ED7D0539-1385-433A-BE90-250D72887541}.Debug|Any CPU.ActiveCfg = Debug|Any CPU
		{ED7D0539-1385-433A-BE90-250D72887541}.Debug|Any CPU.Build.0 = Debug|Any CPU
		{ED7D0539-1385-433A-BE90-250D72887541}.Release|Any CPU.ActiveCfg = Release|Any CPU
		{ED7D0539-1385-433A-BE90-250D72887541}.Release|Any CPU.Build.0 = Release|Any CPU
		{13B8806C-6632-4612-AD52-7DBC929D92B1}.Debug|Any CPU.ActiveCfg = Debug|Any CPU
		{13B8806C-6632-4612-AD52-7DBC929D92B1}.Debug|Any CPU.Build.0 = Debug|Any CPU
		{13B8806C-6632-4612-AD52-7DBC929D92B1}.Release|Any CPU.ActiveCfg = Release|Any CPU
		{13B8806C-6632-4612-AD52-7DBC929D92B1}.Release|Any CPU.Build.0 = Release|Any CPU
	EndGlobalSection
	GlobalSection(SolutionProperties) = preSolution
		HideSolutionNode = FALSE
	EndGlobalSection
EndGlobal
