
Microsoft Visual Studio Solution File, Format Version 12.00
# Visual Studio 2013
VisualStudioVersion = 12.0.30723.0
MinimumVisualStudioVersion = 10.0.40219.1
Project("{2150E333-8FDC-42A3-9474-1A3956D46DE8}") = "StoryHub", "StoryHub", "{C3D139CA-2933-4FEE-AAEC-A034E45FFD3E}"
EndProject
Project("{D954291E-2A0B-460D-934E-DC6B0785DB48}") = "StoryHub.Shared", "StoryHub\StoryHub.Shared\StoryHub.Shared.shproj", "{3FC10AE3-3475-4352-8EA9-9AA0E5584289}"
EndProject
Project("{FAE04EC0-301F-11D3-BF4B-00C04F79EFBC}") = "StoryHub.Windows", "StoryHub\StoryHub.Windows\StoryHub.Windows.csproj", "{EB9E5E88-0D01-4B16-8D73-1B21A67EB198}"
EndProject
Project("{FAE04EC0-301F-11D3-BF4B-00C04F79EFBC}") = "StoryHub.WindowsPhone", "StoryHub\StoryHub.WindowsPhone\StoryHub.WindowsPhone.csproj", "{CC9CE502-F0EF-4C4E-AD55-AC693A3B1A99}"
EndProject
Project("{FAE04EC0-301F-11D3-BF4B-00C04F79EFBC}") = "WcfApplication", "WcfApplication\WcfApplication.csproj", "{89121882-3FDA-41F9-B0E7-B46CEF6A0E6F}"
EndProject
Project("{2150E333-8FDC-42A3-9474-1A3956D46DE8}") = "SimpleLogger", "SimpleLogger", "{E1136034-2374-4F98-8DD2-784E53690542}"
EndProject
Project("{FAE04EC0-301F-11D3-BF4B-00C04F79EFBC}") = "SimpleLogger", "SimpleLogger\SimpleLogger.csproj", "{527BF7D3-0C28-4188-97E9-8B789EFBD187}"
EndProject
Global
	GlobalSection(SharedMSBuildProjectFiles) = preSolution
		StoryHub\StoryHub.Shared\StoryHub.Shared.projitems*{cc9ce502-f0ef-4c4e-ad55-ac693a3b1a99}*SharedItemsImports = 4
		StoryHub\StoryHub.Shared\StoryHub.Shared.projitems*{3fc10ae3-3475-4352-8ea9-9aa0e5584289}*SharedItemsImports = 13
		StoryHub\StoryHub.Shared\StoryHub.Shared.projitems*{eb9e5e88-0d01-4b16-8d73-1b21a67eb198}*SharedItemsImports = 4
	EndGlobalSection
	GlobalSection(SolutionConfigurationPlatforms) = preSolution
		Debug|Any CPU = Debug|Any CPU
		Debug|ARM = Debug|ARM
		Debug|x64 = Debug|x64
		Debug|x86 = Debug|x86
		Release|Any CPU = Release|Any CPU
		Release|ARM = Release|ARM
		Release|x64 = Release|x64
		Release|x86 = Release|x86
	EndGlobalSection
	GlobalSection(ProjectConfigurationPlatforms) = postSolution
		{EB9E5E88-0D01-4B16-8D73-1B21A67EB198}.Debug|Any CPU.ActiveCfg = Debug|Any CPU
		{EB9E5E88-0D01-4B16-8D73-1B21A67EB198}.Debug|Any CPU.Build.0 = Debug|Any CPU
		{EB9E5E88-0D01-4B16-8D73-1B21A67EB198}.Debug|Any CPU.Deploy.0 = Debug|Any CPU
		{EB9E5E88-0D01-4B16-8D73-1B21A67EB198}.Debug|ARM.ActiveCfg = Debug|ARM
		{EB9E5E88-0D01-4B16-8D73-1B21A67EB198}.Debug|ARM.Build.0 = Debug|ARM
		{EB9E5E88-0D01-4B16-8D73-1B21A67EB198}.Debug|ARM.Deploy.0 = Debug|ARM
		{EB9E5E88-0D01-4B16-8D73-1B21A67EB198}.Debug|x64.ActiveCfg = Debug|x64
		{EB9E5E88-0D01-4B16-8D73-1B21A67EB198}.Debug|x64.Build.0 = Debug|x64
		{EB9E5E88-0D01-4B16-8D73-1B21A67EB198}.Debug|x64.Deploy.0 = Debug|x64
		{EB9E5E88-0D01-4B16-8D73-1B21A67EB198}.Debug|x86.ActiveCfg = Debug|x86
		{EB9E5E88-0D01-4B16-8D73-1B21A67EB198}.Debug|x86.Build.0 = Debug|x86
		{EB9E5E88-0D01-4B16-8D73-1B21A67EB198}.Debug|x86.Deploy.0 = Debug|x86
		{EB9E5E88-0D01-4B16-8D73-1B21A67EB198}.Release|Any CPU.ActiveCfg = Release|Any CPU
		{EB9E5E88-0D01-4B16-8D73-1B21A67EB198}.Release|Any CPU.Build.0 = Release|Any CPU
		{EB9E5E88-0D01-4B16-8D73-1B21A67EB198}.Release|Any CPU.Deploy.0 = Release|Any CPU
		{EB9E5E88-0D01-4B16-8D73-1B21A67EB198}.Release|ARM.ActiveCfg = Release|ARM
		{EB9E5E88-0D01-4B16-8D73-1B21A67EB198}.Release|ARM.Build.0 = Release|ARM
		{EB9E5E88-0D01-4B16-8D73-1B21A67EB198}.Release|ARM.Deploy.0 = Release|ARM
		{EB9E5E88-0D01-4B16-8D73-1B21A67EB198}.Release|x64.ActiveCfg = Release|x64
		{EB9E5E88-0D01-4B16-8D73-1B21A67EB198}.Release|x64.Build.0 = Release|x64
		{EB9E5E88-0D01-4B16-8D73-1B21A67EB198}.Release|x64.Deploy.0 = Release|x64
		{EB9E5E88-0D01-4B16-8D73-1B21A67EB198}.Release|x86.ActiveCfg = Release|x86
		{EB9E5E88-0D01-4B16-8D73-1B21A67EB198}.Release|x86.Build.0 = Release|x86
		{EB9E5E88-0D01-4B16-8D73-1B21A67EB198}.Release|x86.Deploy.0 = Release|x86
		{CC9CE502-F0EF-4C4E-AD55-AC693A3B1A99}.Debug|Any CPU.ActiveCfg = Debug|Any CPU
		{CC9CE502-F0EF-4C4E-AD55-AC693A3B1A99}.Debug|Any CPU.Build.0 = Debug|Any CPU
		{CC9CE502-F0EF-4C4E-AD55-AC693A3B1A99}.Debug|Any CPU.Deploy.0 = Debug|Any CPU
		{CC9CE502-F0EF-4C4E-AD55-AC693A3B1A99}.Debug|ARM.ActiveCfg = Debug|ARM
		{CC9CE502-F0EF-4C4E-AD55-AC693A3B1A99}.Debug|ARM.Build.0 = Debug|ARM
		{CC9CE502-F0EF-4C4E-AD55-AC693A3B1A99}.Debug|ARM.Deploy.0 = Debug|ARM
		{CC9CE502-F0EF-4C4E-AD55-AC693A3B1A99}.Debug|x64.ActiveCfg = Debug|Any CPU
		{CC9CE502-F0EF-4C4E-AD55-AC693A3B1A99}.Debug|x86.ActiveCfg = Debug|x86
		{CC9CE502-F0EF-4C4E-AD55-AC693A3B1A99}.Debug|x86.Build.0 = Debug|x86
		{CC9CE502-F0EF-4C4E-AD55-AC693A3B1A99}.Debug|x86.Deploy.0 = Debug|x86
		{CC9CE502-F0EF-4C4E-AD55-AC693A3B1A99}.Release|Any CPU.ActiveCfg = Release|Any CPU
		{CC9CE502-F0EF-4C4E-AD55-AC693A3B1A99}.Release|Any CPU.Build.0 = Release|Any CPU
		{CC9CE502-F0EF-4C4E-AD55-AC693A3B1A99}.Release|Any CPU.Deploy.0 = Release|Any CPU
		{CC9CE502-F0EF-4C4E-AD55-AC693A3B1A99}.Release|ARM.ActiveCfg = Release|ARM
		{CC9CE502-F0EF-4C4E-AD55-AC693A3B1A99}.Release|ARM.Build.0 = Release|ARM
		{CC9CE502-F0EF-4C4E-AD55-AC693A3B1A99}.Release|ARM.Deploy.0 = Release|ARM
		{CC9CE502-F0EF-4C4E-AD55-AC693A3B1A99}.Release|x64.ActiveCfg = Release|Any CPU
		{CC9CE502-F0EF-4C4E-AD55-AC693A3B1A99}.Release|x86.ActiveCfg = Release|x86
		{CC9CE502-F0EF-4C4E-AD55-AC693A3B1A99}.Release|x86.Build.0 = Release|x86
		{CC9CE502-F0EF-4C4E-AD55-AC693A3B1A99}.Release|x86.Deploy.0 = Release|x86
		{89121882-3FDA-41F9-B0E7-B46CEF6A0E6F}.Debug|Any CPU.ActiveCfg = Debug|Any CPU
		{89121882-3FDA-41F9-B0E7-B46CEF6A0E6F}.Debug|Any CPU.Build.0 = Debug|Any CPU
		{89121882-3FDA-41F9-B0E7-B46CEF6A0E6F}.Debug|ARM.ActiveCfg = Debug|Any CPU
		{89121882-3FDA-41F9-B0E7-B46CEF6A0E6F}.Debug|x64.ActiveCfg = Debug|Any CPU
		{89121882-3FDA-41F9-B0E7-B46CEF6A0E6F}.Debug|x86.ActiveCfg = Debug|Any CPU
		{89121882-3FDA-41F9-B0E7-B46CEF6A0E6F}.Release|Any CPU.ActiveCfg = Release|Any CPU
		{89121882-3FDA-41F9-B0E7-B46CEF6A0E6F}.Release|Any CPU.Build.0 = Release|Any CPU
		{89121882-3FDA-41F9-B0E7-B46CEF6A0E6F}.Release|ARM.ActiveCfg = Release|Any CPU
		{89121882-3FDA-41F9-B0E7-B46CEF6A0E6F}.Release|x64.ActiveCfg = Release|Any CPU
		{89121882-3FDA-41F9-B0E7-B46CEF6A0E6F}.Release|x86.ActiveCfg = Release|Any CPU
		{527BF7D3-0C28-4188-97E9-8B789EFBD187}.Debug|Any CPU.ActiveCfg = Debug|Any CPU
		{527BF7D3-0C28-4188-97E9-8B789EFBD187}.Debug|Any CPU.Build.0 = Debug|Any CPU
		{527BF7D3-0C28-4188-97E9-8B789EFBD187}.Debug|ARM.ActiveCfg = Debug|Any CPU
		{527BF7D3-0C28-4188-97E9-8B789EFBD187}.Debug|x64.ActiveCfg = Debug|Any CPU
		{527BF7D3-0C28-4188-97E9-8B789EFBD187}.Debug|x86.ActiveCfg = Debug|Any CPU
		{527BF7D3-0C28-4188-97E9-8B789EFBD187}.Release|Any CPU.ActiveCfg = Release|Any CPU
		{527BF7D3-0C28-4188-97E9-8B789EFBD187}.Release|Any CPU.Build.0 = Release|Any CPU
		{527BF7D3-0C28-4188-97E9-8B789EFBD187}.Release|ARM.ActiveCfg = Release|Any CPU
		{527BF7D3-0C28-4188-97E9-8B789EFBD187}.Release|x64.ActiveCfg = Release|Any CPU
		{527BF7D3-0C28-4188-97E9-8B789EFBD187}.Release|x86.ActiveCfg = Release|Any CPU
	EndGlobalSection
	GlobalSection(SolutionProperties) = preSolution
		HideSolutionNode = FALSE
	EndGlobalSection
	GlobalSection(NestedProjects) = preSolution
		{3FC10AE3-3475-4352-8EA9-9AA0E5584289} = {C3D139CA-2933-4FEE-AAEC-A034E45FFD3E}
		{EB9E5E88-0D01-4B16-8D73-1B21A67EB198} = {C3D139CA-2933-4FEE-AAEC-A034E45FFD3E}
		{CC9CE502-F0EF-4C4E-AD55-AC693A3B1A99} = {C3D139CA-2933-4FEE-AAEC-A034E45FFD3E}
		{527BF7D3-0C28-4188-97E9-8B789EFBD187} = {E1136034-2374-4F98-8DD2-784E53690542}
	EndGlobalSection
EndGlobal
